
Microsoft Visual Studio Solution File, Format Version 12.00
# Visual Studio Express 2012 for Windows Desktop
Project("{8BC9CEB8-8B4A-11D0-8D11-00A0C91BC942}") = "HW2", "HW2\HW2.vcxproj", "{2F66AC97-756A-4E20-8249-351FBE9CD84A}"
EndProject
Project("{8BC9CEB8-8B4A-11D0-8D11-00A0C91BC942}") = "HW2-2", "HW2-2\HW2-2.vcxproj", "{59DF6BC6-66E6-4D21-AA1B-E1E2C0A70D10}"
EndProject
Project("{8BC9CEB8-8B4A-11D0-8D11-00A0C91BC942}") = "HW2-3", "HW2-3\HW2-3.vcxproj", "{3116141A-432E-48EA-9203-45586125C193}"
EndProject
Project("{8BC9CEB8-8B4A-11D0-8D11-00A0C91BC942}") = "HW2-4", "HW2-4\HW2-4.vcxproj", "{7B074BF5-B481-46AC-ABEC-461082D5E8A3}"
EndProject
Project("{8BC9CEB8-8B4A-11D0-8D11-00A0C91BC942}") = "HW2-5", "HW2-5\HW2-5.vcxproj", "{C0E48B9B-1C87-4FF3-B732-698A42A5D374}"
EndProject
Project("{8BC9CEB8-8B4A-11D0-8D11-00A0C91BC942}") = "HW2-6", "HW2-6\HW2-6.vcxproj", "{778DA4BD-808F-4067-8512-45FCD81D8E2B}"
EndProject
Project("{8BC9CEB8-8B4A-11D0-8D11-00A0C91BC942}") = "HW2-7", "HW2-7\HW2-7.vcxproj", "{D1F43134-4BE0-40D2-98D6-B4C8945EC579}"
EndProject
Project("{8BC9CEB8-8B4A-11D0-8D11-00A0C91BC942}") = "HW2-8", "HW2-8\HW2-8.vcxproj", "{8136D8A0-D889-4176-A37E-3ECC4A80DB32}"
EndProject
Project("{8BC9CEB8-8B4A-11D0-8D11-00A0C91BC942}") = "HW2-9", "HW2-9\HW2-9.vcxproj", "{84D650BB-5889-437F-A54A-784D7D03B3EA}"
EndProject
Project("{8BC9CEB8-8B4A-11D0-8D11-00A0C91BC942}") = "HW2-10", "HW2-10\HW2-10.vcxproj", "{BEA6DA75-62E5-41FF-A632-1C37ECB912CB}"
EndProject
Project("{8BC9CEB8-8B4A-11D0-8D11-00A0C91BC942}") = "HW2-11", "HW2-11\HW2-11.vcxproj", "{4BEFB042-C3A2-41E4-91E4-C318B961BDC0}"
EndProject
Project("{8BC9CEB8-8B4A-11D0-8D11-00A0C91BC942}") = "HW2-12", "HW2-12\HW2-12.vcxproj", "{2532280E-E344-4AF2-A4B7-538D2AAB6BC8}"
EndProject
Project("{8BC9CEB8-8B4A-11D0-8D11-00A0C91BC942}") = "HW2-13", "HW2-13\HW2-13.vcxproj", "{1B6861D2-2933-4037-8003-C41B2D5C5E97}"
EndProject
Project("{8BC9CEB8-8B4A-11D0-8D11-00A0C91BC942}") = "HW2-14", "HW2-14\HW2-14.vcxproj", "{DD18C9D5-F92B-42BF-9AFC-038FBD5CBE0E}"
EndProject
Project("{8BC9CEB8-8B4A-11D0-8D11-00A0C91BC942}") = "HW2-15", "HW2-15\HW2-15.vcxproj", "{86CEE758-2FF2-44E5-9FD1-CD99B11BE58E}"
EndProject
Global
	GlobalSection(SolutionConfigurationPlatforms) = preSolution
		Debug|Win32 = Debug|Win32
		Release|Win32 = Release|Win32
	EndGlobalSection
	GlobalSection(ProjectConfigurationPlatforms) = postSolution
		{2F66AC97-756A-4E20-8249-351FBE9CD84A}.Debug|Win32.ActiveCfg = Debug|Win32
		{2F66AC97-756A-4E20-8249-351FBE9CD84A}.Debug|Win32.Build.0 = Debug|Win32
		{2F66AC97-756A-4E20-8249-351FBE9CD84A}.Release|Win32.ActiveCfg = Release|Win32
		{2F66AC97-756A-4E20-8249-351FBE9CD84A}.Release|Win32.Build.0 = Release|Win32
		{59DF6BC6-66E6-4D21-AA1B-E1E2C0A70D10}.Debug|Win32.ActiveCfg = Debug|Win32
		{59DF6BC6-66E6-4D21-AA1B-E1E2C0A70D10}.Debug|Win32.Build.0 = Debug|Win32
		{59DF6BC6-66E6-4D21-AA1B-E1E2C0A70D10}.Release|Win32.ActiveCfg = Release|Win32
		{59DF6BC6-66E6-4D21-AA1B-E1E2C0A70D10}.Release|Win32.Build.0 = Release|Win32
		{3116141A-432E-48EA-9203-45586125C193}.Debug|Win32.ActiveCfg = Debug|Win32
		{3116141A-432E-48EA-9203-45586125C193}.Debug|Win32.Build.0 = Debug|Win32
		{3116141A-432E-48EA-9203-45586125C193}.Release|Win32.ActiveCfg = Release|Win32
		{3116141A-432E-48EA-9203-45586125C193}.Release|Win32.Build.0 = Release|Win32
		{7B074BF5-B481-46AC-ABEC-461082D5E8A3}.Debug|Win32.ActiveCfg = Debug|Win32
		{7B074BF5-B481-46AC-ABEC-461082D5E8A3}.Debug|Win32.Build.0 = Debug|Win32
		{7B074BF5-B481-46AC-ABEC-461082D5E8A3}.Release|Win32.ActiveCfg = Release|Win32
		{7B074BF5-B481-46AC-ABEC-461082D5E8A3}.Release|Win32.Build.0 = Release|Win32
		{C0E48B9B-1C87-4FF3-B732-698A42A5D374}.Debug|Win32.ActiveCfg = Debug|Win32
		{C0E48B9B-1C87-4FF3-B732-698A42A5D374}.Debug|Win32.Build.0 = Debug|Win32
		{C0E48B9B-1C87-4FF3-B732-698A42A5D374}.Release|Win32.ActiveCfg = Release|Win32
		{C0E48B9B-1C87-4FF3-B732-698A42A5D374}.Release|Win32.Build.0 = Release|Win32
		{778DA4BD-808F-4067-8512-45FCD81D8E2B}.Debug|Win32.ActiveCfg = Debug|Win32
		{778DA4BD-808F-4067-8512-45FCD81D8E2B}.Debug|Win32.Build.0 = Debug|Win32
		{778DA4BD-808F-4067-8512-45FCD81D8E2B}.Release|Win32.ActiveCfg = Release|Win32
		{778DA4BD-808F-4067-8512-45FCD81D8E2B}.Release|Win32.Build.0 = Release|Win32
		{D1F43134-4BE0-40D2-98D6-B4C8945EC579}.Debug|Win32.ActiveCfg = Debug|Win32
		{D1F43134-4BE0-40D2-98D6-B4C8945EC579}.Debug|Win32.Build.0 = Debug|Win32
		{D1F43134-4BE0-40D2-98D6-B4C8945EC579}.Release|Win32.ActiveCfg = Release|Win32
		{D1F43134-4BE0-40D2-98D6-B4C8945EC579}.Release|Win32.Build.0 = Release|Win32
		{8136D8A0-D889-4176-A37E-3ECC4A80DB32}.Debug|Win32.ActiveCfg = Debug|Win32
		{8136D8A0-D889-4176-A37E-3ECC4A80DB32}.Debug|Win32.Build.0 = Debug|Win32
		{8136D8A0-D889-4176-A37E-3ECC4A80DB32}.Release|Win32.ActiveCfg = Release|Win32
		{8136D8A0-D889-4176-A37E-3ECC4A80DB32}.Release|Win32.Build.0 = Release|Win32
		{84D650BB-5889-437F-A54A-784D7D03B3EA}.Debug|Win32.ActiveCfg = Debug|Win32
		{84D650BB-5889-437F-A54A-784D7D03B3EA}.Debug|Win32.Build.0 = Debug|Win32
		{84D650BB-5889-437F-A54A-784D7D03B3EA}.Release|Win32.ActiveCfg = Release|Win32
		{84D650BB-5889-437F-A54A-784D7D03B3EA}.Release|Win32.Build.0 = Release|Win32
		{BEA6DA75-62E5-41FF-A632-1C37ECB912CB}.Debug|Win32.ActiveCfg = Debug|Win32
		{BEA6DA75-62E5-41FF-A632-1C37ECB912CB}.Debug|Win32.Build.0 = Debug|Win32
		{BEA6DA75-62E5-41FF-A632-1C37ECB912CB}.Release|Win32.ActiveCfg = Release|Win32
		{BEA6DA75-62E5-41FF-A632-1C37ECB912CB}.Release|Win32.Build.0 = Release|Win32
		{4BEFB042-C3A2-41E4-91E4-C318B961BDC0}.Debug|Win32.ActiveCfg = Debug|Win32
		{4BEFB042-C3A2-41E4-91E4-C318B961BDC0}.Debug|Win32.Build.0 = Debug|Win32
		{4BEFB042-C3A2-41E4-91E4-C318B961BDC0}.Release|Win32.ActiveCfg = Release|Win32
		{4BEFB042-C3A2-41E4-91E4-C318B961BDC0}.Release|Win32.Build.0 = Release|Win32
		{2532280E-E344-4AF2-A4B7-538D2AAB6BC8}.Debug|Win32.ActiveCfg = Debug|Win32
		{2532280E-E344-4AF2-A4B7-538D2AAB6BC8}.Debug|Win32.Build.0 = Debug|Win32
		{2532280E-E344-4AF2-A4B7-538D2AAB6BC8}.Release|Win32.ActiveCfg = Release|Win32
		{2532280E-E344-4AF2-A4B7-538D2AAB6BC8}.Release|Win32.Build.0 = Release|Win32
		{1B6861D2-2933-4037-8003-C41B2D5C5E97}.Debug|Win32.ActiveCfg = Debug|Win32
		{1B6861D2-2933-4037-8003-C41B2D5C5E97}.Debug|Win32.Build.0 = Debug|Win32
		{1B6861D2-2933-4037-8003-C41B2D5C5E97}.Release|Win32.ActiveCfg = Release|Win32
		{1B6861D2-2933-4037-8003-C41B2D5C5E97}.Release|Win32.Build.0 = Release|Win32
		{DD18C9D5-F92B-42BF-9AFC-038FBD5CBE0E}.Debug|Win32.ActiveCfg = Debug|Win32
		{DD18C9D5-F92B-42BF-9AFC-038FBD5CBE0E}.Debug|Win32.Build.0 = Debug|Win32
		{DD18C9D5-F92B-42BF-9AFC-038FBD5CBE0E}.Release|Win32.ActiveCfg = Release|Win32
		{DD18C9D5-F92B-42BF-9AFC-038FBD5CBE0E}.Release|Win32.Build.0 = Release|Win32
		{86CEE758-2FF2-44E5-9FD1-CD99B11BE58E}.Debug|Win32.ActiveCfg = Debug|Win32
		{86CEE758-2FF2-44E5-9FD1-CD99B11BE58E}.Debug|Win32.Build.0 = Debug|Win32
		{86CEE758-2FF2-44E5-9FD1-CD99B11BE58E}.Release|Win32.ActiveCfg = Release|Win32
		{86CEE758-2FF2-44E5-9FD1-CD99B11BE58E}.Release|Win32.Build.0 = Release|Win32
	EndGlobalSection
	GlobalSection(SolutionProperties) = preSolution
		HideSolutionNode = FALSE
	EndGlobalSection
EndGlobal
